
Microsoft Visual Studio Solution File, Format Version 12.00
Project("{FAE04EC0-301F-11D3-BF4B-00C04F79EFBC}") = "lebonanimal", "lebonanimal.csproj", "{247EE09C-92F5-4146-B496-B0CBF30FB59E}"
EndProject
Global
	GlobalSection(SolutionConfigurationPlatforms) = preSolution
		Debug|Any CPU = Debug|Any CPU
		Release|Any CPU = Release|Any CPU
	EndGlobalSection
	GlobalSection(ProjectConfigurationPlatforms) = postSolution
		{247EE09C-92F5-4146-B496-B0CBF30FB59E}.Debug|Any CPU.ActiveCfg = Debug|Any CPU
		{247EE09C-92F5-4146-B496-B0CBF30FB59E}.Debug|Any CPU.Build.0 = Debug|Any CPU
		{247EE09C-92F5-4146-B496-B0CBF30FB59E}.Release|Any CPU.ActiveCfg = Release|Any CPU
		{247EE09C-92F5-4146-B496-B0CBF30FB59E}.Release|Any CPU.Build.0 = Release|Any CPU
	EndGlobalSection
EndGlobal
